
Microsoft Visual Studio Solution File, Format Version 12.00
# Visual Studio Version 17
VisualStudioVersion = 17.9.34728.123
MinimumVisualStudioVersion = 10.0.40219.1
Project("{9A19103F-16F7-4668-BE54-9A1E7A4F7556}") = "testBT", "testBT.csproj", "{6422F9FB-EB0A-494A-A9B1-72BC61C673DC}"
EndProject
Global
	GlobalSection(SolutionConfigurationPlatforms) = preSolution
		Debug|Any CPU = Debug|Any CPU
		Release|Any CPU = Release|Any CPU
	EndGlobalSection
	GlobalSection(ProjectConfigurationPlatforms) = postSolution
		{6422F9FB-EB0A-494A-A9B1-72BC61C673DC}.Debug|Any CPU.ActiveCfg = Debug|Any CPU
		{6422F9FB-EB0A-494A-A9B1-72BC61C673DC}.Debug|Any CPU.Build.0 = Debug|Any CPU
		{6422F9FB-EB0A-494A-A9B1-72BC61C673DC}.Debug|Any CPU.Deploy.0 = Debug|Any CPU
		{6422F9FB-EB0A-494A-A9B1-72BC61C673DC}.Release|Any CPU.ActiveCfg = Release|Any CPU
		{6422F9FB-EB0A-494A-A9B1-72BC61C673DC}.Release|Any CPU.Build.0 = Release|Any CPU
		{6422F9FB-EB0A-494A-A9B1-72BC61C673DC}.Release|Any CPU.Deploy.0 = Release|Any CPU
	EndGlobalSection
	GlobalSection(SolutionProperties) = preSolution
		HideSolutionNode = FALSE
	EndGlobalSection
	GlobalSection(ExtensibilityGlobals) = postSolution
		SolutionGuid = {E08111D8-CCE6-44CF-A4F5-97A266080F56}
	EndGlobalSection
EndGlobal
